// !$*UTF8*$!
{
	archiveVersion = 1;
	classes = {
	};
	objectVersion = 51;
	objects = {

/* Begin PBXBuildFile section */
		94AEDAEF269D8F660087573E /* AppDelegate.swift in Sources */ = {isa = PBXBuildFile; fileRef = 94AEDAEE269D8F660087573E /* AppDelegate.swift */; };
		94AEDAF1269D8F660087573E /* SceneDelegate.swift in Sources */ = {isa = PBXBuildFile; fileRef = 94AEDAF0269D8F660087573E /* SceneDelegate.swift */; };
		94AEDAF3269D8F660087573E /* ViewController.swift in Sources */ = {isa = PBXBuildFile; fileRef = 94AEDAF2269D8F660087573E /* ViewController.swift */; };
		94AEDAF6269D8F660087573E /* Main.storyboard in Resources */ = {isa = PBXBuildFile; fileRef = 94AEDAF4269D8F660087573E /* Main.storyboard */; };
		94AEDAF8269D8F6C0087573E /* Assets.xcassets in Resources */ = {isa = PBXBuildFile; fileRef = 94AEDAF7269D8F6C0087573E /* Assets.xcassets */; };
		94AEDAFB269D8F6C0087573E /* LaunchScreen.storyboard in Resources */ = {isa = PBXBuildFile; fileRef = 94AEDAF9269D8F6C0087573E /* LaunchScreen.storyboard */; };
		94AEDB0626A27DD90087573E /* Pods_restaurant_search_App.framework in Frameworks */ = {isa = PBXBuildFile; fileRef = 94AEDB0526A27DD90087573E /* Pods_restaurant_search_App.framework */; };
		94AEDB0926A2BE9A0087573E /* AnalyticsModel.swift in Sources */ = {isa = PBXBuildFile; fileRef = 94AEDB0826A2BE9A0087573E /* AnalyticsModel.swift */; };
		94AEDB0B26A2BF540087573E /* ShopData.swift in Sources */ = {isa = PBXBuildFile; fileRef = 94AEDB0A26A2BF540087573E /* ShopData.swift */; };
		94AEDB0D26A40FFC0087573E /* CustomTextField.swift in Sources */ = {isa = PBXBuildFile; fileRef = 94AEDB0C26A40FFB0087573E /* CustomTextField.swift */; };
		94AEDB1126A7F29D0087573E /* ShopListViewController.swift in Sources */ = {isa = PBXBuildFile; fileRef = 94AEDB1026A7F29D0087573E /* ShopListViewController.swift */; };
		94AEDB1926A819D30087573E /* ShopDetailViewController.swift in Sources */ = {isa = PBXBuildFile; fileRef = 94AEDB1826A819D30087573E /* ShopDetailViewController.swift */; };
/* End PBXBuildFile section */

/* Begin PBXFileReference section */
		94AEDAEB269D8F660087573E /* restaurant_search_App.app */ = {isa = PBXFileReference; explicitFileType = wrapper.application; includeInIndex = 0; path = restaurant_search_App.app; sourceTree = BUILT_PRODUCTS_DIR; };
		94AEDAEE269D8F660087573E /* AppDelegate.swift */ = {isa = PBXFileReference; lastKnownFileType = sourcecode.swift; path = AppDelegate.swift; sourceTree = "<group>"; };
		94AEDAF0269D8F660087573E /* SceneDelegate.swift */ = {isa = PBXFileReference; lastKnownFileType = sourcecode.swift; path = SceneDelegate.swift; sourceTree = "<group>"; };
		94AEDAF2269D8F660087573E /* ViewController.swift */ = {isa = PBXFileReference; lastKnownFileType = sourcecode.swift; path = ViewController.swift; sourceTree = "<group>"; };
		94AEDAF5269D8F660087573E /* Base */ = {isa = PBXFileReference; lastKnownFileType = file.storyboard; name = Base; path = Base.lproj/Main.storyboard; sourceTree = "<group>"; };
		94AEDAF7269D8F6C0087573E /* Assets.xcassets */ = {isa = PBXFileReference; lastKnownFileType = folder.assetcatalog; path = Assets.xcassets; sourceTree = "<group>"; };
		94AEDAFA269D8F6C0087573E /* Base */ = {isa = PBXFileReference; lastKnownFileType = file.storyboard; name = Base; path = Base.lproj/LaunchScreen.storyboard; sourceTree = "<group>"; };
		94AEDAFC269D8F6C0087573E /* Info.plist */ = {isa = PBXFileReference; lastKnownFileType = text.plist.xml; path = Info.plist; sourceTree = "<group>"; };
		94AEDB0326A27D680087573E /* CoreLocation.framework */ = {isa = PBXFileReference; lastKnownFileType = wrapper.framework; name = CoreLocation.framework; path = System/Library/Frameworks/CoreLocation.framework; sourceTree = SDKROOT; };
		94AEDB0526A27DD90087573E /* Pods_restaurant_search_App.framework */ = {isa = PBXFileReference; explicitFileType = wrapper.framework; path = Pods_restaurant_search_App.framework; sourceTree = BUILT_PRODUCTS_DIR; };
		94AEDB0826A2BE9A0087573E /* AnalyticsModel.swift */ = {isa = PBXFileReference; lastKnownFileType = sourcecode.swift; path = AnalyticsModel.swift; sourceTree = "<group>"; };
		94AEDB0A26A2BF540087573E /* ShopData.swift */ = {isa = PBXFileReference; lastKnownFileType = sourcecode.swift; path = ShopData.swift; sourceTree = "<group>"; };
		94AEDB0C26A40FFB0087573E /* CustomTextField.swift */ = {isa = PBXFileReference; lastKnownFileType = sourcecode.swift; path = CustomTextField.swift; sourceTree = "<group>"; };
		94AEDB1026A7F29D0087573E /* ShopListViewController.swift */ = {isa = PBXFileReference; lastKnownFileType = sourcecode.swift; path = ShopListViewController.swift; sourceTree = "<group>"; };
		94AEDB1826A819D30087573E /* ShopDetailViewController.swift */ = {isa = PBXFileReference; lastKnownFileType = sourcecode.swift; path = ShopDetailViewController.swift; sourceTree = "<group>"; };
		B62B8A42C1B8E5A93264F6F9 /* Pods-restaurant_search_App.debug.xcconfig */ = {isa = PBXFileReference; includeInIndex = 1; lastKnownFileType = text.xcconfig; name = "Pods-restaurant_search_App.debug.xcconfig"; path = "Target Support Files/Pods-restaurant_search_App/Pods-restaurant_search_App.debug.xcconfig"; sourceTree = "<group>"; };
		BEBD9CF6EA29B2F8AE0DE375 /* Pods-restaurant_search_App.release.xcconfig */ = {isa = PBXFileReference; includeInIndex = 1; lastKnownFileType = text.xcconfig; name = "Pods-restaurant_search_App.release.xcconfig"; path = "Target Support Files/Pods-restaurant_search_App/Pods-restaurant_search_App.release.xcconfig"; sourceTree = "<group>"; };
		F800BF8656595E83901488C1 /* Pods_restaurant_search_App.framework */ = {isa = PBXFileReference; explicitFileType = wrapper.framework; includeInIndex = 0; path = Pods_restaurant_search_App.framework; sourceTree = BUILT_PRODUCTS_DIR; };
/* End PBXFileReference section */

/* Begin PBXFrameworksBuildPhase section */
		94AEDAE8269D8F660087573E /* Frameworks */ = {
			isa = PBXFrameworksBuildPhase;
			buildActionMask = 2147483647;
			files = (
				94AEDB0626A27DD90087573E /* Pods_restaurant_search_App.framework in Frameworks */,
			);
			runOnlyForDeploymentPostprocessing = 0;
		};
/* End PBXFrameworksBuildPhase section */

/* Begin PBXGroup section */
		1BAE0DEAFB3E569ABEA2CEDF /* Pods */ = {
			isa = PBXGroup;
			children = (
				B62B8A42C1B8E5A93264F6F9 /* Pods-restaurant_search_App.debug.xcconfig */,
				BEBD9CF6EA29B2F8AE0DE375 /* Pods-restaurant_search_App.release.xcconfig */,
			);
			path = Pods;
			sourceTree = "<group>";
		};
		521E9EAE484034A3F086268A /* Frameworks */ = {
			isa = PBXGroup;
			children = (
				94AEDB0526A27DD90087573E /* Pods_restaurant_search_App.framework */,
				94AEDB0326A27D680087573E /* CoreLocation.framework */,
				F800BF8656595E83901488C1 /* Pods_restaurant_search_App.framework */,
			);
			name = Frameworks;
			sourceTree = "<group>";
		};
		94AEDAE2269D8F660087573E = {
			isa = PBXGroup;
			children = (
				94AEDAED269D8F660087573E /* restaurant_search_App */,
				94AEDAEC269D8F660087573E /* Products */,
				1BAE0DEAFB3E569ABEA2CEDF /* Pods */,
				521E9EAE484034A3F086268A /* Frameworks */,
			);
			sourceTree = "<group>";
		};
		94AEDAEC269D8F660087573E /* Products */ = {
			isa = PBXGroup;
			children = (
				94AEDAEB269D8F660087573E /* restaurant_search_App.app */,
			);
			name = Products;
			sourceTree = "<group>";
		};
		94AEDAED269D8F660087573E /* restaurant_search_App */ = {
			isa = PBXGroup;
			children = (
				94AEDAEE269D8F660087573E /* AppDelegate.swift */,
				94AEDAF0269D8F660087573E /* SceneDelegate.swift */,
				94AEDB0726A2BE4B0087573E /* Model */,
				94AEDB0F26A4118F0087573E /* View */,
				94AEDB02269DAD070087573E /* Controller */,
				94AEDAF7269D8F6C0087573E /* Assets.xcassets */,
				94AEDAF9269D8F6C0087573E /* LaunchScreen.storyboard */,
				94AEDAFC269D8F6C0087573E /* Info.plist */,
			);
			path = restaurant_search_App;
			sourceTree = "<group>";
		};
		94AEDB02269DAD070087573E /* Controller */ = {
			isa = PBXGroup;
			children = (
				94AEDAF2269D8F660087573E /* ViewController.swift */,
				94AEDB1026A7F29D0087573E /* ShopListViewController.swift */,
				94AEDB1826A819D30087573E /* ShopDetailViewController.swift */,
			);
			path = Controller;
			sourceTree = "<group>";
		};
		94AEDB0726A2BE4B0087573E /* Model */ = {
			isa = PBXGroup;
			children = (
				94AEDB0826A2BE9A0087573E /* AnalyticsModel.swift */,
				94AEDB0A26A2BF540087573E /* ShopData.swift */,
			);
			path = Model;
			sourceTree = "<group>";
		};
		94AEDB0F26A4118F0087573E /* View */ = {
			isa = PBXGroup;
			children = (
				94AEDAF4269D8F660087573E /* Main.storyboard */,
				94AEDB0C26A40FFB0087573E /* CustomTextField.swift */,
			);
			path = View;
			sourceTree = "<group>";
		};
/* End PBXGroup section */

/* Begin PBXNativeTarget section */
		94AEDAEA269D8F660087573E /* restaurant_search_App */ = {
			isa = PBXNativeTarget;
			buildConfigurationList = 94AEDAFF269D8F6C0087573E /* Build configuration list for PBXNativeTarget "restaurant_search_App" */;
			buildPhases = (
				809C3BDA2E022E7646CC14A7 /* [CP] Check Pods Manifest.lock */,
				94AEDAE7269D8F660087573E /* Sources */,
				94AEDAE8269D8F660087573E /* Frameworks */,
				94AEDAE9269D8F660087573E /* Resources */,
				B436C33E862A566C2820AA7C /* [CP] Embed Pods Frameworks */,
			);
			buildRules = (
			);
			dependencies = (
			);
			name = restaurant_search_App;
			productName = restaurant_search_App;
			productReference = 94AEDAEB269D8F660087573E /* restaurant_search_App.app */;
			productType = "com.apple.product-type.application";
		};
/* End PBXNativeTarget section */

/* Begin PBXProject section */
		94AEDAE3269D8F660087573E /* Project object */ = {
			isa = PBXProject;
			attributes = {
				LastSwiftUpdateCheck = 1250;
				LastUpgradeCheck = 1250;
				TargetAttributes = {
					94AEDAEA269D8F660087573E = {
						CreatedOnToolsVersion = 12.5.1;
					};
				};
			};
			buildConfigurationList = 94AEDAE6269D8F660087573E /* Build configuration list for PBXProject "restaurant_search_App" */;
			compatibilityVersion = "Xcode 9.3";
			developmentRegion = en;
			hasScannedForEncodings = 0;
			knownRegions = (
				en,
				Base,
			);
			mainGroup = 94AEDAE2269D8F660087573E;
			productRefGroup = 94AEDAEC269D8F660087573E /* Products */;
			projectDirPath = "";
			projectRoot = "";
			targets = (
				94AEDAEA269D8F660087573E /* restaurant_search_App */,
			);
		};
/* End PBXProject section */

/* Begin PBXResourcesBuildPhase section */
		94AEDAE9269D8F660087573E /* Resources */ = {
			isa = PBXResourcesBuildPhase;
			buildActionMask = 2147483647;
			files = (
				94AEDAFB269D8F6C0087573E /* LaunchScreen.storyboard in Resources */,
				94AEDAF8269D8F6C0087573E /* Assets.xcassets in Resources */,
				94AEDAF6269D8F660087573E /* Main.storyboard in Resources */,
			);
			runOnlyForDeploymentPostprocessing = 0;
		};
/* End PBXResourcesBuildPhase section */

/* Begin PBXShellScriptBuildPhase section */
		809C3BDA2E022E7646CC14A7 /* [CP] Check Pods Manifest.lock */ = {
			isa = PBXShellScriptBuildPhase;
			buildActionMask = 2147483647;
			files = (
			);
			inputFileListPaths = (
			);
			inputPaths = (
				"${PODS_PODFILE_DIR_PATH}/Podfile.lock",
				"${PODS_ROOT}/Manifest.lock",
			);
			name = "[CP] Check Pods Manifest.lock";
			outputFileListPaths = (
			);
			outputPaths = (
				"$(DERIVED_FILE_DIR)/Pods-restaurant_search_App-checkManifestLockResult.txt",
			);
			runOnlyForDeploymentPostprocessing = 0;
			shellPath = /bin/sh;
			shellScript = "diff \"${PODS_PODFILE_DIR_PATH}/Podfile.lock\" \"${PODS_ROOT}/Manifest.lock\" > /dev/null\nif [ $? != 0 ] ; then\n    # print error to STDERR\n    echo \"error: The sandbox is not in sync with the Podfile.lock. Run 'pod install' or update your CocoaPods installation.\" >&2\n    exit 1\nfi\n# This output is used by Xcode 'outputs' to avoid re-running this script phase.\necho \"SUCCESS\" > \"${SCRIPT_OUTPUT_FILE_0}\"\n";
			showEnvVarsInLog = 0;
		};
		B436C33E862A566C2820AA7C /* [CP] Embed Pods Frameworks */ = {
			isa = PBXShellScriptBuildPhase;
			buildActionMask = 2147483647;
			files = (
			);
			inputFileListPaths = (
				"${PODS_ROOT}/Target Support Files/Pods-restaurant_search_App/Pods-restaurant_search_App-frameworks-${CONFIGURATION}-input-files.xcfilelist",
			);
			name = "[CP] Embed Pods Frameworks";
			outputFileListPaths = (
				"${PODS_ROOT}/Target Support Files/Pods-restaurant_search_App/Pods-restaurant_search_App-frameworks-${CONFIGURATION}-output-files.xcfilelist",
			);
			runOnlyForDeploymentPostprocessing = 0;
			shellPath = /bin/sh;
			shellScript = "\"${PODS_ROOT}/Target Support Files/Pods-restaurant_search_App/Pods-restaurant_search_App-frameworks.sh\"\n";
			showEnvVarsInLog = 0;
		};
/* End PBXShellScriptBuildPhase section */

/* Begin PBXSourcesBuildPhase section */
		94AEDAE7269D8F660087573E /* Sources */ = {
			isa = PBXSourcesBuildPhase;
			buildActionMask = 2147483647;
			files = (
				94AEDB0B26A2BF540087573E /* ShopData.swift in Sources */,
				94AEDB0926A2BE9A0087573E /* AnalyticsModel.swift in Sources */,
				94AEDB0D26A40FFC0087573E /* CustomTextField.swift in Sources */,
				94AEDAF3269D8F660087573E /* ViewController.swift in Sources */,
				94AEDB1126A7F29D0087573E /* ShopListViewController.swift in Sources */,
				94AEDB1926A819D30087573E /* ShopDetailViewController.swift in Sources */,
				94AEDAEF269D8F660087573E /* AppDelegate.swift in Sources */,
				94AEDAF1269D8F660087573E /* SceneDelegate.swift in Sources */,
			);
			runOnlyForDeploymentPostprocessing = 0;
		};
/* End PBXSourcesBuildPhase section */

/* Begin PBXVariantGroup section */
		94AEDAF4269D8F660087573E /* Main.storyboard */ = {
			isa = PBXVariantGroup;
			children = (
				94AEDAF5269D8F660087573E /* Base */,
			);
			name = Main.storyboard;
			sourceTree = "<group>";
		};
		94AEDAF9269D8F6C0087573E /* LaunchScreen.storyboard */ = {
			isa = PBXVariantGroup;
			children = (
				94AEDAFA269D8F6C0087573E /* Base */,
			);
			name = LaunchScreen.storyboard;
			sourceTree = "<group>";
		};
/* End PBXVariantGroup section */

/* Begin XCBuildConfiguration section */
		94AEDAFD269D8F6C0087573E /* Debug */ = {
			isa = XCBuildConfiguration;
			buildSettings = {
				ALWAYS_SEARCH_USER_PATHS = NO;
				CLANG_ANALYZER_NONNULL = YES;
				CLANG_ANALYZER_NUMBER_OBJECT_CONVERSION = YES_AGGRESSIVE;
				CLANG_CXX_LANGUAGE_STANDARD = "gnu++14";
				CLANG_CXX_LIBRARY = "libc++";
				CLANG_ENABLE_MODULES = YES;
				CLANG_ENABLE_OBJC_ARC = YES;
				CLANG_ENABLE_OBJC_WEAK = YES;
				CLANG_WARN_BLOCK_CAPTURE_AUTORELEASING = YES;
				CLANG_WARN_BOOL_CONVERSION = YES;
				CLANG_WARN_COMMA = YES;
				CLANG_WARN_CONSTANT_CONVERSION = YES;
				CLANG_WARN_DEPRECATED_OBJC_IMPLEMENTATIONS = YES;
				CLANG_WARN_DIRECT_OBJC_ISA_USAGE = YES_ERROR;
				CLANG_WARN_DOCUMENTATION_COMMENTS = YES;
				CLANG_WARN_EMPTY_BODY = YES;
				CLANG_WARN_ENUM_CONVERSION = YES;
				CLANG_WARN_INFINITE_RECURSION = YES;
				CLANG_WARN_INT_CONVERSION = YES;
				CLANG_WARN_NON_LITERAL_NULL_CONVERSION = YES;
				CLANG_WARN_OBJC_IMPLICIT_RETAIN_SELF = YES;
				CLANG_WARN_OBJC_LITERAL_CONVERSION = YES;
				CLANG_WARN_OBJC_ROOT_CLASS = YES_ERROR;
				CLANG_WARN_QUOTED_INCLUDE_IN_FRAMEWORK_HEADER = YES;
				CLANG_WARN_RANGE_LOOP_ANALYSIS = YES;
				CLANG_WARN_STRICT_PROTOTYPES = YES;
				CLANG_WARN_SUSPICIOUS_MOVE = YES;
				CLANG_WARN_UNGUARDED_AVAILABILITY = YES_AGGRESSIVE;
				CLANG_WARN_UNREACHABLE_CODE = YES;
				CLANG_WARN__DUPLICATE_METHOD_MATCH = YES;
				COPY_PHASE_STRIP = NO;
				DEBUG_INFORMATION_FORMAT = dwarf;
				ENABLE_STRICT_OBJC_MSGSEND = YES;
				ENABLE_TESTABILITY = YES;
				GCC_C_LANGUAGE_STANDARD = gnu11;
				GCC_DYNAMIC_NO_PIC = NO;
				GCC_NO_COMMON_BLOCKS = YES;
				GCC_OPTIMIZATION_LEVEL = 0;
				GCC_PREPROCESSOR_DEFINITIONS = (
					"DEBUG=1",
					"$(inherited)",
				);
				GCC_WARN_64_TO_32_BIT_CONVERSION = YES;
				GCC_WARN_ABOUT_RETURN_TYPE = YES_ERROR;
				GCC_WARN_UNDECLARED_SELECTOR = YES;
				GCC_WARN_UNINITIALIZED_AUTOS = YES_AGGRESSIVE;
				GCC_WARN_UNUSED_FUNCTION = YES;
				GCC_WARN_UNUSED_VARIABLE = YES;
				IPHONEOS_DEPLOYMENT_TARGET = 14.5;
				MTL_ENABLE_DEBUG_INFO = INCLUDE_SOURCE;
				MTL_FAST_MATH = YES;
				ONLY_ACTIVE_ARCH = YES;
				SDKROOT = iphoneos;
				SWIFT_ACTIVE_COMPILATION_CONDITIONS = DEBUG;
				SWIFT_OPTIMIZATION_LEVEL = "-Onone";
			};
			name = Debug;
		};
		94AEDAFE269D8F6C0087573E /* Release */ = {
			isa = XCBuildConfiguration;
			buildSettings = {
				ALWAYS_SEARCH_USER_PATHS = NO;
				CLANG_ANALYZER_NONNULL = YES;
				CLANG_ANALYZER_NUMBER_OBJECT_CONVERSION = YES_AGGRESSIVE;
				CLANG_CXX_LANGUAGE_STANDARD = "gnu++14";
				CLANG_CXX_LIBRARY = "libc++";
				CLANG_ENABLE_MODULES = YES;
				CLANG_ENABLE_OBJC_ARC = YES;
				CLANG_ENABLE_OBJC_WEAK = YES;
				CLANG_WARN_BLOCK_CAPTURE_AUTORELEASING = YES;
				CLANG_WARN_BOOL_CONVERSION = YES;
				CLANG_WARN_COMMA = YES;
				CLANG_WARN_CONSTANT_CONVERSION = YES;
				CLANG_WARN_DEPRECATED_OBJC_IMPLEMENTATIONS = YES;
				CLANG_WARN_DIRECT_OBJC_ISA_USAGE = YES_ERROR;
				CLANG_WARN_DOCUMENTATION_COMMENTS = YES;
				CLANG_WARN_EMPTY_BODY = YES;
				CLANG_WARN_ENUM_CONVERSION = YES;
				CLANG_WARN_INFINITE_RECURSION = YES;
				CLANG_WARN_INT_CONVERSION = YES;
				CLANG_WARN_NON_LITERAL_NULL_CONVERSION = YES;
				CLANG_WARN_OBJC_IMPLICIT_RETAIN_SELF = YES;
				CLANG_WARN_OBJC_LITERAL_CONVERSION = YES;
				CLANG_WARN_OBJC_ROOT_CLASS = YES_ERROR;
				CLANG_WARN_QUOTED_INCLUDE_IN_FRAMEWORK_HEADER = YES;
				CLANG_WARN_RANGE_LOOP_ANALYSIS = YES;
				CLANG_WARN_STRICT_PROTOTYPES = YES;
				CLANG_WARN_SUSPICIOUS_MOVE = YES;
				CLANG_WARN_UNGUARDED_AVAILABILITY = YES_AGGRESSIVE;
				CLANG_WARN_UNREACHABLE_CODE = YES;
				CLANG_WARN__DUPLICATE_METHOD_MATCH = YES;
				COPY_PHASE_STRIP = NO;
				DEBUG_INFORMATION_FORMAT = "dwarf-with-dsym";
				ENABLE_NS_ASSERTIONS = NO;
				ENABLE_STRICT_OBJC_MSGSEND = YES;
				GCC_C_LANGUAGE_STANDARD = gnu11;
				GCC_NO_COMMON_BLOCKS = YES;
				GCC_WARN_64_TO_32_BIT_CONVERSION = YES;
				GCC_WARN_ABOUT_RETURN_TYPE = YES_ERROR;
				GCC_WARN_UNDECLARED_SELECTOR = YES;
				GCC_WARN_UNINITIALIZED_AUTOS = YES_AGGRESSIVE;
				GCC_WARN_UNUSED_FUNCTION = YES;
				GCC_WARN_UNUSED_VARIABLE = YES;
				IPHONEOS_DEPLOYMENT_TARGET = 14.5;
				MTL_ENABLE_DEBUG_INFO = NO;
				MTL_FAST_MATH = YES;
				SDKROOT = iphoneos;
				SWIFT_COMPILATION_MODE = wholemodule;
				SWIFT_OPTIMIZATION_LEVEL = "-O";
				VALIDATE_PRODUCT = YES;
			};
			name = Release;
		};
		94AEDB00269D8F6C0087573E /* Debug */ = {
			isa = XCBuildConfiguration;
			baseConfigurationReference = B62B8A42C1B8E5A93264F6F9 /* Pods-restaurant_search_App.debug.xcconfig */;
			buildSettings = {
				ASSETCATALOG_COMPILER_APPICON_NAME = AppIcon;
				ASSETCATALOG_COMPILER_GLOBAL_ACCENT_COLOR_NAME = AccentColor;
				CODE_SIGN_STYLE = Automatic;
				INFOPLIST_FILE = restaurant_search_App/Info.plist;
				LD_RUNPATH_SEARCH_PATHS = (
					"$(inherited)",
					"@executable_path/Frameworks",
				);
				PRODUCT_BUNDLE_IDENTIFIER = "com.shunki.restaurant-search-App";
				PRODUCT_NAME = "$(TARGET_NAME)";
				SWIFT_VERSION = 5.0;
				TARGETED_DEVICE_FAMILY = 1;
			};
			name = Debug;
		};
		94AEDB01269D8F6C0087573E /* Release */ = {
			isa = XCBuildConfiguration;
			baseConfigurationReference = BEBD9CF6EA29B2F8AE0DE375 /* Pods-restaurant_search_App.release.xcconfig */;
			buildSettings = {
				ASSETCATALOG_COMPILER_APPICON_NAME = AppIcon;
				ASSETCATALOG_COMPILER_GLOBAL_ACCENT_COLOR_NAME = AccentColor;
				CODE_SIGN_STYLE = Automatic;
				INFOPLIST_FILE = restaurant_search_App/Info.plist;
				LD_RUNPATH_SEARCH_PATHS = (
					"$(inherited)",
					"@executable_path/Frameworks",
				);
				PRODUCT_BUNDLE_IDENTIFIER = "com.shunki.restaurant-search-App";
				PRODUCT_NAME = "$(TARGET_NAME)";
				SWIFT_VERSION = 5.0;
				TARGETED_DEVICE_FAMILY = 1;
			};
			name = Release;
		};
/* End XCBuildConfiguration section */

/* Begin XCConfigurationList section */
		94AEDAE6269D8F660087573E /* Build configuration list for PBXProject "restaurant_search_App" */ = {
			isa = XCConfigurationList;
			buildConfigurations = (
				94AEDAFD269D8F6C0087573E /* Debug */,
				94AEDAFE269D8F6C0087573E /* Release */,
			);
			defaultConfigurationIsVisible = 0;
			defaultConfigurationName = Release;
		};
		94AEDAFF269D8F6C0087573E /* Build configuration list for PBXNativeTarget "restaurant_search_App" */ = {
			isa = XCConfigurationList;
			buildConfigurations = (
				94AEDB00269D8F6C0087573E /* Debug */,
				94AEDB01269D8F6C0087573E /* Release */,
			);
			defaultConfigurationIsVisible = 0;
			defaultConfigurationName = Release;
		};
/* End XCConfigurationList section */
	};
	rootObject = 94AEDAE3269D8F660087573E /* Project object */;
}
